
Microsoft Visual Studio Solution File, Format Version 12.00
# Visual Studio Version 17
VisualStudioVersion = 17.6.33723.286
MinimumVisualStudioVersion = 10.0.40219.1
Project("{FAE04EC0-301F-11D3-BF4B-00C04F79EFBC}") = "ZeytinYaglim.com.tr", "ZeytinYaglim.com.tr\ZeytinYaglim.com.tr.csproj", "{645E108F-C7C1-4DDB-BE7B-3C6A5A06D9BC}"
EndProject
Global
	GlobalSection(SolutionConfigurationPlatforms) = preSolution
		Debug|Any CPU = Debug|Any CPU
		Release|Any CPU = Release|Any CPU
	EndGlobalSection
	GlobalSection(ProjectConfigurationPlatforms) = postSolution
		{645E108F-C7C1-4DDB-BE7B-3C6A5A06D9BC}.Debug|Any CPU.ActiveCfg = Debug|Any CPU
		{645E108F-C7C1-4DDB-BE7B-3C6A5A06D9BC}.Debug|Any CPU.Build.0 = Debug|Any CPU
		{645E108F-C7C1-4DDB-BE7B-3C6A5A06D9BC}.Release|Any CPU.ActiveCfg = Release|Any CPU
		{645E108F-C7C1-4DDB-BE7B-3C6A5A06D9BC}.Release|Any CPU.Build.0 = Release|Any CPU
	EndGlobalSection
	GlobalSection(SolutionProperties) = preSolution
		HideSolutionNode = FALSE
	EndGlobalSection
	GlobalSection(ExtensibilityGlobals) = postSolution
		SolutionGuid = {C1EEDA14-EEE0-4A05-B86D-A5B46824DAC4}
	EndGlobalSection
EndGlobal
